
Microsoft Visual Studio Solution File, Format Version 12.00
# Visual Studio Version 17
VisualStudioVersion = 17.9.34701.34
MinimumVisualStudioVersion = 10.0.40219.1
Project("{9A19103F-16F7-4668-BE54-9A1E7A4F7556}") = "Avtorization", "Avtorization\Avtorization.csproj", "{309E495D-ED77-4A2D-B29B-6299DEDD4478}"
EndProject
Project("{9A19103F-16F7-4668-BE54-9A1E7A4F7556}") = "Avtorization.Desktop", "Avtorization.Desktop\Avtorization.Desktop.csproj", "{4740E0C8-7F35-40FE-83F5-B7430675791D}"
EndProject
Global
	GlobalSection(SolutionConfigurationPlatforms) = preSolution
		Debug|Any CPU = Debug|Any CPU
		Release|Any CPU = Release|Any CPU
	EndGlobalSection
	GlobalSection(ProjectConfigurationPlatforms) = postSolution
		{309E495D-ED77-4A2D-B29B-6299DEDD4478}.Debug|Any CPU.ActiveCfg = Debug|Any CPU
		{309E495D-ED77-4A2D-B29B-6299DEDD4478}.Debug|Any CPU.Build.0 = Debug|Any CPU
		{309E495D-ED77-4A2D-B29B-6299DEDD4478}.Release|Any CPU.ActiveCfg = Release|Any CPU
		{309E495D-ED77-4A2D-B29B-6299DEDD4478}.Release|Any CPU.Build.0 = Release|Any CPU
		{4740E0C8-7F35-40FE-83F5-B7430675791D}.Debug|Any CPU.ActiveCfg = Debug|Any CPU
		{4740E0C8-7F35-40FE-83F5-B7430675791D}.Debug|Any CPU.Build.0 = Debug|Any CPU
		{4740E0C8-7F35-40FE-83F5-B7430675791D}.Release|Any CPU.ActiveCfg = Release|Any CPU
		{4740E0C8-7F35-40FE-83F5-B7430675791D}.Release|Any CPU.Build.0 = Release|Any CPU
	EndGlobalSection
	GlobalSection(SolutionProperties) = preSolution
		HideSolutionNode = FALSE
	EndGlobalSection
	GlobalSection(ExtensibilityGlobals) = postSolution
		SolutionGuid = {3437CAB3-E7A2-4491-8CB2-5B231C0E8860}
	EndGlobalSection
EndGlobal
